// !$*UTF8*$!
{
	archiveVersion = 1;
	classes = {
	};
	objectVersion = 48;
	objects = {

/* Begin PBXBuildFile section */
		61240CC52076EF87000A246A /* KUFireWallComands.swift in Sources */ = {isa = PBXBuildFile; fileRef = 61240CC42076EF87000A246A /* KUFireWallComands.swift */; };
		61240CC72076F19A000A246A /* FireWallStatePraser.swift in Sources */ = {isa = PBXBuildFile; fileRef = 61240CC62076F19A000A246A /* FireWallStatePraser.swift */; };
		6151B526206F24F300FF0099 /* KUTaskFramework.framework in Frameworks */ = {isa = PBXBuildFile; fileRef = 6151B527206F24F300FF0099 /* KUTaskFramework.framework */; };
		6151B528206F251100FF0099 /* KUTaskFramework.framework in Embed Frameworks */ = {isa = PBXBuildFile; fileRef = 6151B527206F24F300FF0099 /* KUTaskFramework.framework */; settings = {ATTRIBUTES = (CodeSignOnCopy, RemoveHeadersOnCopy, ); }; };
		616FF5992050A22900681E63 /* InfoVC.swift in Sources */ = {isa = PBXBuildFile; fileRef = 616FF5982050A22900681E63 /* InfoVC.swift */; };
		616FF59B2050A88400681E63 /* InfoComandsManager.swift in Sources */ = {isa = PBXBuildFile; fileRef = 616FF59A2050A88400681E63 /* InfoComandsManager.swift */; };
		61937D3E202B2A98007BA376 /* AppDelegate.swift in Sources */ = {isa = PBXBuildFile; fileRef = 61937D3D202B2A98007BA376 /* AppDelegate.swift */; };
		61937D40202B2A98007BA376 /* ViewController.swift in Sources */ = {isa = PBXBuildFile; fileRef = 61937D3F202B2A98007BA376 /* ViewController.swift */; };
		61937D45202B2A98007BA376 /* Assets.xcassets in Resources */ = {isa = PBXBuildFile; fileRef = 61937D44202B2A98007BA376 /* Assets.xcassets */; };
		61937D48202B2A98007BA376 /* Main.storyboard in Resources */ = {isa = PBXBuildFile; fileRef = 61937D46202B2A98007BA376 /* Main.storyboard */; };
		61AC55AA204F255600FB2492 /* FireWallVC.swift in Sources */ = {isa = PBXBuildFile; fileRef = 61AC55A9204F255600FB2492 /* FireWallVC.swift */; };
		61C4DEC62032508A00727032 /* IPLocator.swift in Sources */ = {isa = PBXBuildFile; fileRef = 61C4DEC52032508A00727032 /* IPLocator.swift */; };
		61C4DEC8203251A400727032 /* dataBaseManager.swift in Sources */ = {isa = PBXBuildFile; fileRef = 61C4DEC7203251A400727032 /* dataBaseManager.swift */; };
		61D36ECF2031062600819FE1 /* FireWarWall.xcdatamodeld in Sources */ = {isa = PBXBuildFile; fileRef = 61D36ECD2031062600819FE1 /* FireWarWall.xcdatamodeld */; };
		61D36ED2203106EF00819FE1 /* ConectionNode+CoreDataClass.swift in Sources */ = {isa = PBXBuildFile; fileRef = 61D36ED0203106EF00819FE1 /* ConectionNode+CoreDataClass.swift */; };
		61D36ED3203106EF00819FE1 /* ConectionNode+CoreDataProperties.swift in Sources */ = {isa = PBXBuildFile; fileRef = 61D36ED1203106EF00819FE1 /* ConectionNode+CoreDataProperties.swift */; };
		61D79AC52034E0CD00CE226B /* AppController.swift in Sources */ = {isa = PBXBuildFile; fileRef = 61D79AC42034E0CD00CE226B /* AppController.swift */; };
		61EB7F192075A2B1004EFA33 /* NetStatPraser.swift in Sources */ = {isa = PBXBuildFile; fileRef = 61EB7F182075A2B1004EFA33 /* NetStatPraser.swift */; };
		61EB7F1B2075C10D004EFA33 /* KUNetComands.swift in Sources */ = {isa = PBXBuildFile; fileRef = 61EB7F1A2075C10D004EFA33 /* KUNetComands.swift */; };
/* End PBXBuildFile section */

/* Begin PBXCopyFilesBuildPhase section */
		61A98B4C206F09D400257311 /* Embed Frameworks */ = {
			isa = PBXCopyFilesBuildPhase;
			buildActionMask = 2147483647;
			dstPath = "";
			dstSubfolderSpec = 10;
			files = (
				6151B528206F251100FF0099 /* KUTaskFramework.framework in Embed Frameworks */,
			);
			name = "Embed Frameworks";
			runOnlyForDeploymentPostprocessing = 0;
		};
/* End PBXCopyFilesBuildPhase section */

/* Begin PBXFileReference section */
		61240CC42076EF87000A246A /* KUFireWallComands.swift */ = {isa = PBXFileReference; lastKnownFileType = sourcecode.swift; path = KUFireWallComands.swift; sourceTree = "<group>"; };
		61240CC62076F19A000A246A /* FireWallStatePraser.swift */ = {isa = PBXFileReference; lastKnownFileType = sourcecode.swift; path = FireWallStatePraser.swift; sourceTree = "<group>"; };
		6151B527206F24F300FF0099 /* KUTaskFramework.framework */ = {isa = PBXFileReference; explicitFileType = wrapper.framework; path = KUTaskFramework.framework; sourceTree = BUILT_PRODUCTS_DIR; };
		616FF5982050A22900681E63 /* InfoVC.swift */ = {isa = PBXFileReference; lastKnownFileType = sourcecode.swift; path = InfoVC.swift; sourceTree = "<group>"; };
		616FF59A2050A88400681E63 /* InfoComandsManager.swift */ = {isa = PBXFileReference; lastKnownFileType = sourcecode.swift; path = InfoComandsManager.swift; sourceTree = "<group>"; };
		61937D3A202B2A98007BA376 /* FireWarWall.app */ = {isa = PBXFileReference; explicitFileType = wrapper.application; includeInIndex = 0; path = FireWarWall.app; sourceTree = BUILT_PRODUCTS_DIR; };
		61937D3D202B2A98007BA376 /* AppDelegate.swift */ = {isa = PBXFileReference; lastKnownFileType = sourcecode.swift; path = AppDelegate.swift; sourceTree = "<group>"; };
		61937D3F202B2A98007BA376 /* ViewController.swift */ = {isa = PBXFileReference; lastKnownFileType = sourcecode.swift; path = ViewController.swift; sourceTree = "<group>"; };
		61937D44202B2A98007BA376 /* Assets.xcassets */ = {isa = PBXFileReference; lastKnownFileType = folder.assetcatalog; path = Assets.xcassets; sourceTree = "<group>"; };
		61937D47202B2A98007BA376 /* Base */ = {isa = PBXFileReference; lastKnownFileType = file.storyboard; name = Base; path = Base.lproj/Main.storyboard; sourceTree = "<group>"; };
		61937D49202B2A98007BA376 /* Info.plist */ = {isa = PBXFileReference; lastKnownFileType = text.plist.xml; path = Info.plist; sourceTree = "<group>"; };
		61937D4A202B2A98007BA376 /* FireWarWall.entitlements */ = {isa = PBXFileReference; lastKnownFileType = text.plist.entitlements; path = FireWarWall.entitlements; sourceTree = "<group>"; };
		61AC55A9204F255600FB2492 /* FireWallVC.swift */ = {isa = PBXFileReference; lastKnownFileType = sourcecode.swift; path = FireWallVC.swift; sourceTree = "<group>"; };
		61C4DEC52032508A00727032 /* IPLocator.swift */ = {isa = PBXFileReference; fileEncoding = 4; lastKnownFileType = sourcecode.swift; path = IPLocator.swift; sourceTree = "<group>"; };
		61C4DEC7203251A400727032 /* dataBaseManager.swift */ = {isa = PBXFileReference; fileEncoding = 4; lastKnownFileType = sourcecode.swift; path = dataBaseManager.swift; sourceTree = "<group>"; };
		61D36ECE2031062600819FE1 /* FireWarWall.xcdatamodel */ = {isa = PBXFileReference; lastKnownFileType = wrapper.xcdatamodel; path = FireWarWall.xcdatamodel; sourceTree = "<group>"; };
		61D36ED0203106EF00819FE1 /* ConectionNode+CoreDataClass.swift */ = {isa = PBXFileReference; lastKnownFileType = sourcecode.swift; path = "ConectionNode+CoreDataClass.swift"; sourceTree = "<group>"; };
		61D36ED1203106EF00819FE1 /* ConectionNode+CoreDataProperties.swift */ = {isa = PBXFileReference; lastKnownFileType = sourcecode.swift; path = "ConectionNode+CoreDataProperties.swift"; sourceTree = "<group>"; };
		61D79AC42034E0CD00CE226B /* AppController.swift */ = {isa = PBXFileReference; lastKnownFileType = sourcecode.swift; path = AppController.swift; sourceTree = "<group>"; };
		61EB7F182075A2B1004EFA33 /* NetStatPraser.swift */ = {isa = PBXFileReference; lastKnownFileType = sourcecode.swift; path = NetStatPraser.swift; sourceTree = "<group>"; };
		61EB7F1A2075C10D004EFA33 /* KUNetComands.swift */ = {isa = PBXFileReference; lastKnownFileType = sourcecode.swift; path = KUNetComands.swift; sourceTree = "<group>"; };
/* End PBXFileReference section */

/* Begin PBXFrameworksBuildPhase section */
		61937D37202B2A98007BA376 /* Frameworks */ = {
			isa = PBXFrameworksBuildPhase;
			buildActionMask = 2147483647;
			files = (
				6151B526206F24F300FF0099 /* KUTaskFramework.framework in Frameworks */,
			);
			runOnlyForDeploymentPostprocessing = 0;
		};
/* End PBXFrameworksBuildPhase section */

/* Begin PBXGroup section */
		6151B525206F24F300FF0099 /* Frameworks */ = {
			isa = PBXGroup;
			children = (
				6151B527206F24F300FF0099 /* KUTaskFramework.framework */,
			);
			name = Frameworks;
			sourceTree = "<group>";
		};
		61937D31202B2A98007BA376 = {
			isa = PBXGroup;
			children = (
				61937D3C202B2A98007BA376 /* FireWarWall */,
				61937D3B202B2A98007BA376 /* Products */,
				6151B525206F24F300FF0099 /* Frameworks */,
			);
			sourceTree = "<group>";
		};
		61937D3B202B2A98007BA376 /* Products */ = {
			isa = PBXGroup;
			children = (
				61937D3A202B2A98007BA376 /* FireWarWall.app */,
			);
			name = Products;
			sourceTree = "<group>";
		};
		61937D3C202B2A98007BA376 /* FireWarWall */ = {
			isa = PBXGroup;
			children = (
				61937D3D202B2A98007BA376 /* AppDelegate.swift */,
				61AC55A7204F217D00FB2492 /* ViewControllers */,
				61AC55A8204F219500FB2492 /* Managers */,
				61AC55A5204F20E100FB2492 /* DataBase */,
				61937D46202B2A98007BA376 /* Main.storyboard */,
				61937D44202B2A98007BA376 /* Assets.xcassets */,
				61937D49202B2A98007BA376 /* Info.plist */,
				61937D4A202B2A98007BA376 /* FireWarWall.entitlements */,
				61EB7F182075A2B1004EFA33 /* NetStatPraser.swift */,
				61EB7F1A2075C10D004EFA33 /* KUNetComands.swift */,
				61240CC42076EF87000A246A /* KUFireWallComands.swift */,
				61240CC62076F19A000A246A /* FireWallStatePraser.swift */,
			);
			path = FireWarWall;
			sourceTree = "<group>";
		};
		61AC55A5204F20E100FB2492 /* DataBase */ = {
			isa = PBXGroup;
			children = (
				61C4DEC7203251A400727032 /* dataBaseManager.swift */,
				61D36ED0203106EF00819FE1 /* ConectionNode+CoreDataClass.swift */,
				61D36ED1203106EF00819FE1 /* ConectionNode+CoreDataProperties.swift */,
				61D36ECD2031062600819FE1 /* FireWarWall.xcdatamodeld */,
			);
			path = DataBase;
			sourceTree = "<group>";
		};
		61AC55A7204F217D00FB2492 /* ViewControllers */ = {
			isa = PBXGroup;
			children = (
				61937D3F202B2A98007BA376 /* ViewController.swift */,
				61AC55A9204F255600FB2492 /* FireWallVC.swift */,
				616FF5982050A22900681E63 /* InfoVC.swift */,
			);
			path = ViewControllers;
			sourceTree = "<group>";
		};
		61AC55A8204F219500FB2492 /* Managers */ = {
			isa = PBXGroup;
			children = (
				61D79AC42034E0CD00CE226B /* AppController.swift */,
				616FF59A2050A88400681E63 /* InfoComandsManager.swift */,
				61C4DEC52032508A00727032 /* IPLocator.swift */,
			);
			path = Managers;
			sourceTree = "<group>";
		};
/* End PBXGroup section */

/* Begin PBXNativeTarget section */
		61937D39202B2A98007BA376 /* FireWarWall */ = {
			isa = PBXNativeTarget;
			buildConfigurationList = 61937D4D202B2A98007BA376 /* Build configuration list for PBXNativeTarget "FireWarWall" */;
			buildPhases = (
				61937D36202B2A98007BA376 /* Sources */,
				61937D37202B2A98007BA376 /* Frameworks */,
				61937D38202B2A98007BA376 /* Resources */,
				61A98B4C206F09D400257311 /* Embed Frameworks */,
			);
			buildRules = (
			);
			dependencies = (
			);
			name = FireWarWall;
			productName = FireWarWall;
			productReference = 61937D3A202B2A98007BA376 /* FireWarWall.app */;
			productType = "com.apple.product-type.application";
		};
/* End PBXNativeTarget section */

/* Begin PBXProject section */
		61937D32202B2A98007BA376 /* Project object */ = {
			isa = PBXProject;
			attributes = {
				LastSwiftUpdateCheck = 0910;
				LastUpgradeCheck = 0910;
				ORGANIZATIONNAME = Kurushetra;
				TargetAttributes = {
					61937D39202B2A98007BA376 = {
						CreatedOnToolsVersion = 9.1;
						ProvisioningStyle = Automatic;
						SystemCapabilities = {
							com.apple.Sandbox = {
								enabled = 0;
							};
						};
					};
				};
			};
			buildConfigurationList = 61937D35202B2A98007BA376 /* Build configuration list for PBXProject "FireWarWall" */;
			compatibilityVersion = "Xcode 8.0";
			developmentRegion = en;
			hasScannedForEncodings = 0;
			knownRegions = (
				en,
				Base,
			);
			mainGroup = 61937D31202B2A98007BA376;
			productRefGroup = 61937D3B202B2A98007BA376 /* Products */;
			projectDirPath = "";
			projectRoot = "";
			targets = (
				61937D39202B2A98007BA376 /* FireWarWall */,
			);
		};
/* End PBXProject section */

/* Begin PBXResourcesBuildPhase section */
		61937D38202B2A98007BA376 /* Resources */ = {
			isa = PBXResourcesBuildPhase;
			buildActionMask = 2147483647;
			files = (
				61937D45202B2A98007BA376 /* Assets.xcassets in Resources */,
				61937D48202B2A98007BA376 /* Main.storyboard in Resources */,
			);
			runOnlyForDeploymentPostprocessing = 0;
		};
/* End PBXResourcesBuildPhase section */

/* Begin PBXSourcesBuildPhase section */
		61937D36202B2A98007BA376 /* Sources */ = {
			isa = PBXSourcesBuildPhase;
			buildActionMask = 2147483647;
			files = (
				61AC55AA204F255600FB2492 /* FireWallVC.swift in Sources */,
				61937D40202B2A98007BA376 /* ViewController.swift in Sources */,
				616FF5992050A22900681E63 /* InfoVC.swift in Sources */,
				61EB7F1B2075C10D004EFA33 /* KUNetComands.swift in Sources */,
				61937D3E202B2A98007BA376 /* AppDelegate.swift in Sources */,
				61240CC72076F19A000A246A /* FireWallStatePraser.swift in Sources */,
				616FF59B2050A88400681E63 /* InfoComandsManager.swift in Sources */,
				61C4DEC62032508A00727032 /* IPLocator.swift in Sources */,
				61240CC52076EF87000A246A /* KUFireWallComands.swift in Sources */,
				61EB7F192075A2B1004EFA33 /* NetStatPraser.swift in Sources */,
				61D36ECF2031062600819FE1 /* FireWarWall.xcdatamodeld in Sources */,
				61D79AC52034E0CD00CE226B /* AppController.swift in Sources */,
				61D36ED3203106EF00819FE1 /* ConectionNode+CoreDataProperties.swift in Sources */,
				61C4DEC8203251A400727032 /* dataBaseManager.swift in Sources */,
				61D36ED2203106EF00819FE1 /* ConectionNode+CoreDataClass.swift in Sources */,
			);
			runOnlyForDeploymentPostprocessing = 0;
		};
/* End PBXSourcesBuildPhase section */

/* Begin PBXVariantGroup section */
		61937D46202B2A98007BA376 /* Main.storyboard */ = {
			isa = PBXVariantGroup;
			children = (
				61937D47202B2A98007BA376 /* Base */,
			);
			name = Main.storyboard;
			sourceTree = "<group>";
		};
/* End PBXVariantGroup section */

/* Begin XCBuildConfiguration section */
		61937D4B202B2A98007BA376 /* Debug */ = {
			isa = XCBuildConfiguration;
			buildSettings = {
				ALWAYS_SEARCH_USER_PATHS = NO;
				CLANG_ANALYZER_NONNULL = YES;
				CLANG_ANALYZER_NUMBER_OBJECT_CONVERSION = YES_AGGRESSIVE;
				CLANG_CXX_LANGUAGE_STANDARD = "gnu++14";
				CLANG_CXX_LIBRARY = "libc++";
				CLANG_ENABLE_MODULES = YES;
				CLANG_ENABLE_OBJC_ARC = YES;
				CLANG_WARN_BLOCK_CAPTURE_AUTORELEASING = YES;
				CLANG_WARN_BOOL_CONVERSION = YES;
				CLANG_WARN_COMMA = YES;
				CLANG_WARN_CONSTANT_CONVERSION = YES;
				CLANG_WARN_DIRECT_OBJC_ISA_USAGE = YES_ERROR;
				CLANG_WARN_DOCUMENTATION_COMMENTS = YES;
				CLANG_WARN_EMPTY_BODY = YES;
				CLANG_WARN_ENUM_CONVERSION = YES;
				CLANG_WARN_INFINITE_RECURSION = YES;
				CLANG_WARN_INT_CONVERSION = YES;
				CLANG_WARN_NON_LITERAL_NULL_CONVERSION = YES;
				CLANG_WARN_OBJC_LITERAL_CONVERSION = YES;
				CLANG_WARN_OBJC_ROOT_CLASS = YES_ERROR;
				CLANG_WARN_RANGE_LOOP_ANALYSIS = YES;
				CLANG_WARN_STRICT_PROTOTYPES = YES;
				CLANG_WARN_SUSPICIOUS_MOVE = YES;
				CLANG_WARN_UNGUARDED_AVAILABILITY = YES_AGGRESSIVE;
				CLANG_WARN_UNREACHABLE_CODE = YES;
				CLANG_WARN__DUPLICATE_METHOD_MATCH = YES;
				CODE_SIGN_IDENTITY = "Mac Developer";
				COPY_PHASE_STRIP = NO;
				DEBUG_INFORMATION_FORMAT = dwarf;
				ENABLE_STRICT_OBJC_MSGSEND = YES;
				ENABLE_TESTABILITY = YES;
				GCC_C_LANGUAGE_STANDARD = gnu11;
				GCC_DYNAMIC_NO_PIC = NO;
				GCC_NO_COMMON_BLOCKS = YES;
				GCC_OPTIMIZATION_LEVEL = 0;
				GCC_PREPROCESSOR_DEFINITIONS = (
					"DEBUG=1",
					"$(inherited)",
				);
				GCC_WARN_64_TO_32_BIT_CONVERSION = YES;
				GCC_WARN_ABOUT_RETURN_TYPE = YES_ERROR;
				GCC_WARN_UNDECLARED_SELECTOR = YES;
				GCC_WARN_UNINITIALIZED_AUTOS = YES_AGGRESSIVE;
				GCC_WARN_UNUSED_FUNCTION = YES;
				GCC_WARN_UNUSED_VARIABLE = YES;
				MACOSX_DEPLOYMENT_TARGET = 10.13;
				MTL_ENABLE_DEBUG_INFO = YES;
				ONLY_ACTIVE_ARCH = YES;
				SDKROOT = macosx;
				SWIFT_ACTIVE_COMPILATION_CONDITIONS = DEBUG;
				SWIFT_OPTIMIZATION_LEVEL = "-Onone";
			};
			name = Debug;
		};
		61937D4C202B2A98007BA376 /* Release */ = {
			isa = XCBuildConfiguration;
			buildSettings = {
				ALWAYS_SEARCH_USER_PATHS = NO;
				CLANG_ANALYZER_NONNULL = YES;
				CLANG_ANALYZER_NUMBER_OBJECT_CONVERSION = YES_AGGRESSIVE;
				CLANG_CXX_LANGUAGE_STANDARD = "gnu++14";
				CLANG_CXX_LIBRARY = "libc++";
				CLANG_ENABLE_MODULES = YES;
				CLANG_ENABLE_OBJC_ARC = YES;
				CLANG_WARN_BLOCK_CAPTURE_AUTORELEASING = YES;
				CLANG_WARN_BOOL_CONVERSION = YES;
				CLANG_WARN_COMMA = YES;
				CLANG_WARN_CONSTANT_CONVERSION = YES;
				CLANG_WARN_DIRECT_OBJC_ISA_USAGE = YES_ERROR;
				CLANG_WARN_DOCUMENTATION_COMMENTS = YES;
				CLANG_WARN_EMPTY_BODY = YES;
				CLANG_WARN_ENUM_CONVERSION = YES;
				CLANG_WARN_INFINITE_RECURSION = YES;
				CLANG_WARN_INT_CONVERSION = YES;
				CLANG_WARN_NON_LITERAL_NULL_CONVERSION = YES;
				CLANG_WARN_OBJC_LITERAL_CONVERSION = YES;
				CLANG_WARN_OBJC_ROOT_CLASS = YES_ERROR;
				CLANG_WARN_RANGE_LOOP_ANALYSIS = YES;
				CLANG_WARN_STRICT_PROTOTYPES = YES;
				CLANG_WARN_SUSPICIOUS_MOVE = YES;
				CLANG_WARN_UNGUARDED_AVAILABILITY = YES_AGGRESSIVE;
				CLANG_WARN_UNREACHABLE_CODE = YES;
				CLANG_WARN__DUPLICATE_METHOD_MATCH = YES;
				CODE_SIGN_IDENTITY = "Mac Developer";
				COPY_PHASE_STRIP = NO;
				DEBUG_INFORMATION_FORMAT = "dwarf-with-dsym";
				ENABLE_NS_ASSERTIONS = NO;
				ENABLE_STRICT_OBJC_MSGSEND = YES;
				GCC_C_LANGUAGE_STANDARD = gnu11;
				GCC_NO_COMMON_BLOCKS = YES;
				GCC_WARN_64_TO_32_BIT_CONVERSION = YES;
				GCC_WARN_ABOUT_RETURN_TYPE = YES_ERROR;
				GCC_WARN_UNDECLARED_SELECTOR = YES;
				GCC_WARN_UNINITIALIZED_AUTOS = YES_AGGRESSIVE;
				GCC_WARN_UNUSED_FUNCTION = YES;
				GCC_WARN_UNUSED_VARIABLE = YES;
				MACOSX_DEPLOYMENT_TARGET = 10.13;
				MTL_ENABLE_DEBUG_INFO = NO;
				SDKROOT = macosx;
				SWIFT_OPTIMIZATION_LEVEL = "-Owholemodule";
			};
			name = Release;
		};
		61937D4E202B2A98007BA376 /* Debug */ = {
			isa = XCBuildConfiguration;
			buildSettings = {
				ASSETCATALOG_COMPILER_APPICON_NAME = AppIcon;
				CODE_SIGN_STYLE = Automatic;
				COMBINE_HIDPI_IMAGES = YES;
				DEVELOPMENT_TEAM = TFF2HTL4NS;
				FRAMEWORK_SEARCH_PATHS = (
					"$(inherited)",
					"$(PROJECT_DIR)",
				);
				INFOPLIST_FILE = FireWarWall/Info.plist;
				LD_RUNPATH_SEARCH_PATHS = "$(inherited) @executable_path/../Frameworks";
				MACOSX_DEPLOYMENT_TARGET = 10.12;
				PRODUCT_BUNDLE_IDENTIFIER = Talaiot.FireWarWall;
				PRODUCT_NAME = "$(TARGET_NAME)";
				SWIFT_VERSION = 4.0;
			};
			name = Debug;
		};
		61937D4F202B2A98007BA376 /* Release */ = {
			isa = XCBuildConfiguration;
			buildSettings = {
				ASSETCATALOG_COMPILER_APPICON_NAME = AppIcon;
				CODE_SIGN_STYLE = Automatic;
				COMBINE_HIDPI_IMAGES = YES;
				DEVELOPMENT_TEAM = TFF2HTL4NS;
				FRAMEWORK_SEARCH_PATHS = (
					"$(inherited)",
					"$(PROJECT_DIR)",
				);
				INFOPLIST_FILE = FireWarWall/Info.plist;
				LD_RUNPATH_SEARCH_PATHS = "$(inherited) @executable_path/../Frameworks";
				MACOSX_DEPLOYMENT_TARGET = 10.12;
				PRODUCT_BUNDLE_IDENTIFIER = Talaiot.FireWarWall;
				PRODUCT_NAME = "$(TARGET_NAME)";
				SWIFT_VERSION = 4.0;
			};
			name = Release;
		};
/* End XCBuildConfiguration section */

/* Begin XCConfigurationList section */
		61937D35202B2A98007BA376 /* Build configuration list for PBXProject "FireWarWall" */ = {
			isa = XCConfigurationList;
			buildConfigurations = (
				61937D4B202B2A98007BA376 /* Debug */,
				61937D4C202B2A98007BA376 /* Release */,
			);
			defaultConfigurationIsVisible = 0;
			defaultConfigurationName = Release;
		};
		61937D4D202B2A98007BA376 /* Build configuration list for PBXNativeTarget "FireWarWall" */ = {
			isa = XCConfigurationList;
			buildConfigurations = (
				61937D4E202B2A98007BA376 /* Debug */,
				61937D4F202B2A98007BA376 /* Release */,
			);
			defaultConfigurationIsVisible = 0;
			defaultConfigurationName = Release;
		};
/* End XCConfigurationList section */

/* Begin XCVersionGroup section */
		61D36ECD2031062600819FE1 /* FireWarWall.xcdatamodeld */ = {
			isa = XCVersionGroup;
			children = (
				61D36ECE2031062600819FE1 /* FireWarWall.xcdatamodel */,
			);
			currentVersion = 61D36ECE2031062600819FE1 /* FireWarWall.xcdatamodel */;
			path = FireWarWall.xcdatamodeld;
			sourceTree = "<group>";
			versionGroupType = wrapper.xcdatamodel;
		};
/* End XCVersionGroup section */
	};
	rootObject = 61937D32202B2A98007BA376 /* Project object */;
}
