// !$*UTF8*$!
{
	archiveVersion = 1;
	classes = {
	};
	objectVersion = 48;
	objects = {

/* Begin PBXBuildFile section */
		61950E9C204A0D21005D8F50 /* AppDelegate.swift in Sources */ = {isa = PBXBuildFile; fileRef = 61950E9B204A0D21005D8F50 /* AppDelegate.swift */; };
		61950E9E204A0D21005D8F50 /* ViewController.swift in Sources */ = {isa = PBXBuildFile; fileRef = 61950E9D204A0D21005D8F50 /* ViewController.swift */; };
		61950EA0204A0D21005D8F50 /* Assets.xcassets in Resources */ = {isa = PBXBuildFile; fileRef = 61950E9F204A0D21005D8F50 /* Assets.xcassets */; };
		61950EA3204A0D21005D8F50 /* Main.storyboard in Resources */ = {isa = PBXBuildFile; fileRef = 61950EA1204A0D21005D8F50 /* Main.storyboard */; };
		61950EB3204A0D7F005D8F50 /* NetStatQueues.swift in Sources */ = {isa = PBXBuildFile; fileRef = 61950EB2204A0D7F005D8F50 /* NetStatQueues.swift */; };
		61950EB5204A0D99005D8F50 /* FireWallStateOperation.swift in Sources */ = {isa = PBXBuildFile; fileRef = 61950EB4204A0D99005D8F50 /* FireWallStateOperation.swift */; };
		61950EB7204A0DA9005D8F50 /* ParseFireWallStateOperation.swift in Sources */ = {isa = PBXBuildFile; fileRef = 61950EB6204A0DA9005D8F50 /* ParseFireWallStateOperation.swift */; };
		61950EB9204A0DD0005D8F50 /* TaskOperation.swift in Sources */ = {isa = PBXBuildFile; fileRef = 61950EB8204A0DD0005D8F50 /* TaskOperation.swift */; };
		61950EBB204A0EE9005D8F50 /* Comand.swift in Sources */ = {isa = PBXBuildFile; fileRef = 61950EBA204A0EE9005D8F50 /* Comand.swift */; };
		61950EBD204A0F18005D8F50 /* Comands.swift in Sources */ = {isa = PBXBuildFile; fileRef = 61950EBC204A0F18005D8F50 /* Comands.swift */; };
		61950EBF204A0F36005D8F50 /* IPLocator.swift in Sources */ = {isa = PBXBuildFile; fileRef = 61950EBE204A0F36005D8F50 /* IPLocator.swift */; };
/* End PBXBuildFile section */

/* Begin PBXFileReference section */
		61950E98204A0D21005D8F50 /* FireWallOperations.app */ = {isa = PBXFileReference; explicitFileType = wrapper.application; includeInIndex = 0; path = FireWallOperations.app; sourceTree = BUILT_PRODUCTS_DIR; };
		61950E9B204A0D21005D8F50 /* AppDelegate.swift */ = {isa = PBXFileReference; lastKnownFileType = sourcecode.swift; path = AppDelegate.swift; sourceTree = "<group>"; };
		61950E9D204A0D21005D8F50 /* ViewController.swift */ = {isa = PBXFileReference; lastKnownFileType = sourcecode.swift; path = ViewController.swift; sourceTree = "<group>"; };
		61950E9F204A0D21005D8F50 /* Assets.xcassets */ = {isa = PBXFileReference; lastKnownFileType = folder.assetcatalog; path = Assets.xcassets; sourceTree = "<group>"; };
		61950EA2204A0D21005D8F50 /* Base */ = {isa = PBXFileReference; lastKnownFileType = file.storyboard; name = Base; path = Base.lproj/Main.storyboard; sourceTree = "<group>"; };
		61950EA4204A0D21005D8F50 /* Info.plist */ = {isa = PBXFileReference; lastKnownFileType = text.plist.xml; path = Info.plist; sourceTree = "<group>"; };
		61950EA5204A0D21005D8F50 /* FireWallOperations.entitlements */ = {isa = PBXFileReference; lastKnownFileType = text.plist.entitlements; path = FireWallOperations.entitlements; sourceTree = "<group>"; };
		61950EB2204A0D7F005D8F50 /* NetStatQueues.swift */ = {isa = PBXFileReference; fileEncoding = 4; lastKnownFileType = sourcecode.swift; path = NetStatQueues.swift; sourceTree = "<group>"; };
		61950EB4204A0D99005D8F50 /* FireWallStateOperation.swift */ = {isa = PBXFileReference; fileEncoding = 4; lastKnownFileType = sourcecode.swift; path = FireWallStateOperation.swift; sourceTree = "<group>"; };
		61950EB6204A0DA9005D8F50 /* ParseFireWallStateOperation.swift */ = {isa = PBXFileReference; fileEncoding = 4; lastKnownFileType = sourcecode.swift; path = ParseFireWallStateOperation.swift; sourceTree = "<group>"; };
		61950EB8204A0DD0005D8F50 /* TaskOperation.swift */ = {isa = PBXFileReference; fileEncoding = 4; lastKnownFileType = sourcecode.swift; path = TaskOperation.swift; sourceTree = "<group>"; };
		61950EBA204A0EE9005D8F50 /* Comand.swift */ = {isa = PBXFileReference; lastKnownFileType = sourcecode.swift; name = Comand.swift; path = ../../../FireWarWall/Comand.swift; sourceTree = "<group>"; };
		61950EBC204A0F18005D8F50 /* Comands.swift */ = {isa = PBXFileReference; lastKnownFileType = sourcecode.swift; path = Comands.swift; sourceTree = "<group>"; };
		61950EBE204A0F36005D8F50 /* IPLocator.swift */ = {isa = PBXFileReference; fileEncoding = 4; lastKnownFileType = sourcecode.swift; path = IPLocator.swift; sourceTree = "<group>"; };
/* End PBXFileReference section */

/* Begin PBXFrameworksBuildPhase section */
		61950E95204A0D21005D8F50 /* Frameworks */ = {
			isa = PBXFrameworksBuildPhase;
			buildActionMask = 2147483647;
			files = (
			);
			runOnlyForDeploymentPostprocessing = 0;
		};
/* End PBXFrameworksBuildPhase section */

/* Begin PBXGroup section */
		61950E8F204A0D21005D8F50 = {
			isa = PBXGroup;
			children = (
				61950E9A204A0D21005D8F50 /* FireWallOperations */,
				61950E99204A0D21005D8F50 /* Products */,
			);
			sourceTree = "<group>";
		};
		61950E99204A0D21005D8F50 /* Products */ = {
			isa = PBXGroup;
			children = (
				61950E98204A0D21005D8F50 /* FireWallOperations.app */,
			);
			name = Products;
			sourceTree = "<group>";
		};
		61950E9A204A0D21005D8F50 /* FireWallOperations */ = {
			isa = PBXGroup;
			children = (
				61950E9B204A0D21005D8F50 /* AppDelegate.swift */,
				61950E9D204A0D21005D8F50 /* ViewController.swift */,
				61950EB2204A0D7F005D8F50 /* NetStatQueues.swift */,
				61950EC1204A0F73005D8F50 /* Operations */,
				61950EC0204A0F5F005D8F50 /* Comands */,
				61950EBE204A0F36005D8F50 /* IPLocator.swift */,
				61950E9F204A0D21005D8F50 /* Assets.xcassets */,
				61950EA1204A0D21005D8F50 /* Main.storyboard */,
				61950EA4204A0D21005D8F50 /* Info.plist */,
				61950EA5204A0D21005D8F50 /* FireWallOperations.entitlements */,
			);
			path = FireWallOperations;
			sourceTree = "<group>";
		};
		61950EC0204A0F5F005D8F50 /* Comands */ = {
			isa = PBXGroup;
			children = (
				61950EBA204A0EE9005D8F50 /* Comand.swift */,
				61950EBC204A0F18005D8F50 /* Comands.swift */,
			);
			path = Comands;
			sourceTree = "<group>";
		};
		61950EC1204A0F73005D8F50 /* Operations */ = {
			isa = PBXGroup;
			children = (
				61950EB4204A0D99005D8F50 /* FireWallStateOperation.swift */,
				61950EB6204A0DA9005D8F50 /* ParseFireWallStateOperation.swift */,
				61950EB8204A0DD0005D8F50 /* TaskOperation.swift */,
			);
			path = Operations;
			sourceTree = "<group>";
		};
/* End PBXGroup section */

/* Begin PBXNativeTarget section */
		61950E97204A0D21005D8F50 /* FireWallOperations */ = {
			isa = PBXNativeTarget;
			buildConfigurationList = 61950EA8204A0D21005D8F50 /* Build configuration list for PBXNativeTarget "FireWallOperations" */;
			buildPhases = (
				61950E94204A0D21005D8F50 /* Sources */,
				61950E95204A0D21005D8F50 /* Frameworks */,
				61950E96204A0D21005D8F50 /* Resources */,
			);
			buildRules = (
			);
			dependencies = (
			);
			name = FireWallOperations;
			productName = FireWallOperations;
			productReference = 61950E98204A0D21005D8F50 /* FireWallOperations.app */;
			productType = "com.apple.product-type.application";
		};
/* End PBXNativeTarget section */

/* Begin PBXProject section */
		61950E90204A0D21005D8F50 /* Project object */ = {
			isa = PBXProject;
			attributes = {
				LastSwiftUpdateCheck = 0920;
				LastUpgradeCheck = 0920;
				ORGANIZATIONNAME = Kurushetra;
				TargetAttributes = {
					61950E97204A0D21005D8F50 = {
						CreatedOnToolsVersion = 9.2;
						ProvisioningStyle = Automatic;
						SystemCapabilities = {
							com.apple.Sandbox = {
								enabled = 0;
							};
						};
					};
				};
			};
			buildConfigurationList = 61950E93204A0D21005D8F50 /* Build configuration list for PBXProject "FireWallOperations" */;
			compatibilityVersion = "Xcode 8.0";
			developmentRegion = en;
			hasScannedForEncodings = 0;
			knownRegions = (
				en,
				Base,
			);
			mainGroup = 61950E8F204A0D21005D8F50;
			productRefGroup = 61950E99204A0D21005D8F50 /* Products */;
			projectDirPath = "";
			projectRoot = "";
			targets = (
				61950E97204A0D21005D8F50 /* FireWallOperations */,
			);
		};
/* End PBXProject section */

/* Begin PBXResourcesBuildPhase section */
		61950E96204A0D21005D8F50 /* Resources */ = {
			isa = PBXResourcesBuildPhase;
			buildActionMask = 2147483647;
			files = (
				61950EA0204A0D21005D8F50 /* Assets.xcassets in Resources */,
				61950EA3204A0D21005D8F50 /* Main.storyboard in Resources */,
			);
			runOnlyForDeploymentPostprocessing = 0;
		};
/* End PBXResourcesBuildPhase section */

/* Begin PBXSourcesBuildPhase section */
		61950E94204A0D21005D8F50 /* Sources */ = {
			isa = PBXSourcesBuildPhase;
			buildActionMask = 2147483647;
			files = (
				61950E9E204A0D21005D8F50 /* ViewController.swift in Sources */,
				61950EBB204A0EE9005D8F50 /* Comand.swift in Sources */,
				61950EBF204A0F36005D8F50 /* IPLocator.swift in Sources */,
				61950EB7204A0DA9005D8F50 /* ParseFireWallStateOperation.swift in Sources */,
				61950EB9204A0DD0005D8F50 /* TaskOperation.swift in Sources */,
				61950EB3204A0D7F005D8F50 /* NetStatQueues.swift in Sources */,
				61950EBD204A0F18005D8F50 /* Comands.swift in Sources */,
				61950E9C204A0D21005D8F50 /* AppDelegate.swift in Sources */,
				61950EB5204A0D99005D8F50 /* FireWallStateOperation.swift in Sources */,
			);
			runOnlyForDeploymentPostprocessing = 0;
		};
/* End PBXSourcesBuildPhase section */

/* Begin PBXVariantGroup section */
		61950EA1204A0D21005D8F50 /* Main.storyboard */ = {
			isa = PBXVariantGroup;
			children = (
				61950EA2204A0D21005D8F50 /* Base */,
			);
			name = Main.storyboard;
			sourceTree = "<group>";
		};
/* End PBXVariantGroup section */

/* Begin XCBuildConfiguration section */
		61950EA6204A0D21005D8F50 /* Debug */ = {
			isa = XCBuildConfiguration;
			buildSettings = {
				ALWAYS_SEARCH_USER_PATHS = NO;
				CLANG_ANALYZER_NONNULL = YES;
				CLANG_ANALYZER_NUMBER_OBJECT_CONVERSION = YES_AGGRESSIVE;
				CLANG_CXX_LANGUAGE_STANDARD = "gnu++14";
				CLANG_CXX_LIBRARY = "libc++";
				CLANG_ENABLE_MODULES = YES;
				CLANG_ENABLE_OBJC_ARC = YES;
				CLANG_WARN_BLOCK_CAPTURE_AUTORELEASING = YES;
				CLANG_WARN_BOOL_CONVERSION = YES;
				CLANG_WARN_COMMA = YES;
				CLANG_WARN_CONSTANT_CONVERSION = YES;
				CLANG_WARN_DIRECT_OBJC_ISA_USAGE = YES_ERROR;
				CLANG_WARN_DOCUMENTATION_COMMENTS = YES;
				CLANG_WARN_EMPTY_BODY = YES;
				CLANG_WARN_ENUM_CONVERSION = YES;
				CLANG_WARN_INFINITE_RECURSION = YES;
				CLANG_WARN_INT_CONVERSION = YES;
				CLANG_WARN_NON_LITERAL_NULL_CONVERSION = YES;
				CLANG_WARN_OBJC_LITERAL_CONVERSION = YES;
				CLANG_WARN_OBJC_ROOT_CLASS = YES_ERROR;
				CLANG_WARN_RANGE_LOOP_ANALYSIS = YES;
				CLANG_WARN_STRICT_PROTOTYPES = YES;
				CLANG_WARN_SUSPICIOUS_MOVE = YES;
				CLANG_WARN_UNGUARDED_AVAILABILITY = YES_AGGRESSIVE;
				CLANG_WARN_UNREACHABLE_CODE = YES;
				CLANG_WARN__DUPLICATE_METHOD_MATCH = YES;
				CODE_SIGN_IDENTITY = "Mac Developer";
				COPY_PHASE_STRIP = NO;
				DEBUG_INFORMATION_FORMAT = dwarf;
				ENABLE_STRICT_OBJC_MSGSEND = YES;
				ENABLE_TESTABILITY = YES;
				GCC_C_LANGUAGE_STANDARD = gnu11;
				GCC_DYNAMIC_NO_PIC = NO;
				GCC_NO_COMMON_BLOCKS = YES;
				GCC_OPTIMIZATION_LEVEL = 0;
				GCC_PREPROCESSOR_DEFINITIONS = (
					"DEBUG=1",
					"$(inherited)",
				);
				GCC_WARN_64_TO_32_BIT_CONVERSION = YES;
				GCC_WARN_ABOUT_RETURN_TYPE = YES_ERROR;
				GCC_WARN_UNDECLARED_SELECTOR = YES;
				GCC_WARN_UNINITIALIZED_AUTOS = YES_AGGRESSIVE;
				GCC_WARN_UNUSED_FUNCTION = YES;
				GCC_WARN_UNUSED_VARIABLE = YES;
				MACOSX_DEPLOYMENT_TARGET = 10.13;
				MTL_ENABLE_DEBUG_INFO = YES;
				ONLY_ACTIVE_ARCH = YES;
				SDKROOT = macosx;
				SWIFT_ACTIVE_COMPILATION_CONDITIONS = DEBUG;
				SWIFT_OPTIMIZATION_LEVEL = "-Onone";
			};
			name = Debug;
		};
		61950EA7204A0D21005D8F50 /* Release */ = {
			isa = XCBuildConfiguration;
			buildSettings = {
				ALWAYS_SEARCH_USER_PATHS = NO;
				CLANG_ANALYZER_NONNULL = YES;
				CLANG_ANALYZER_NUMBER_OBJECT_CONVERSION = YES_AGGRESSIVE;
				CLANG_CXX_LANGUAGE_STANDARD = "gnu++14";
				CLANG_CXX_LIBRARY = "libc++";
				CLANG_ENABLE_MODULES = YES;
				CLANG_ENABLE_OBJC_ARC = YES;
				CLANG_WARN_BLOCK_CAPTURE_AUTORELEASING = YES;
				CLANG_WARN_BOOL_CONVERSION = YES;
				CLANG_WARN_COMMA = YES;
				CLANG_WARN_CONSTANT_CONVERSION = YES;
				CLANG_WARN_DIRECT_OBJC_ISA_USAGE = YES_ERROR;
				CLANG_WARN_DOCUMENTATION_COMMENTS = YES;
				CLANG_WARN_EMPTY_BODY = YES;
				CLANG_WARN_ENUM_CONVERSION = YES;
				CLANG_WARN_INFINITE_RECURSION = YES;
				CLANG_WARN_INT_CONVERSION = YES;
				CLANG_WARN_NON_LITERAL_NULL_CONVERSION = YES;
				CLANG_WARN_OBJC_LITERAL_CONVERSION = YES;
				CLANG_WARN_OBJC_ROOT_CLASS = YES_ERROR;
				CLANG_WARN_RANGE_LOOP_ANALYSIS = YES;
				CLANG_WARN_STRICT_PROTOTYPES = YES;
				CLANG_WARN_SUSPICIOUS_MOVE = YES;
				CLANG_WARN_UNGUARDED_AVAILABILITY = YES_AGGRESSIVE;
				CLANG_WARN_UNREACHABLE_CODE = YES;
				CLANG_WARN__DUPLICATE_METHOD_MATCH = YES;
				CODE_SIGN_IDENTITY = "Mac Developer";
				COPY_PHASE_STRIP = NO;
				DEBUG_INFORMATION_FORMAT = "dwarf-with-dsym";
				ENABLE_NS_ASSERTIONS = NO;
				ENABLE_STRICT_OBJC_MSGSEND = YES;
				GCC_C_LANGUAGE_STANDARD = gnu11;
				GCC_NO_COMMON_BLOCKS = YES;
				GCC_WARN_64_TO_32_BIT_CONVERSION = YES;
				GCC_WARN_ABOUT_RETURN_TYPE = YES_ERROR;
				GCC_WARN_UNDECLARED_SELECTOR = YES;
				GCC_WARN_UNINITIALIZED_AUTOS = YES_AGGRESSIVE;
				GCC_WARN_UNUSED_FUNCTION = YES;
				GCC_WARN_UNUSED_VARIABLE = YES;
				MACOSX_DEPLOYMENT_TARGET = 10.13;
				MTL_ENABLE_DEBUG_INFO = NO;
				SDKROOT = macosx;
				SWIFT_OPTIMIZATION_LEVEL = "-Owholemodule";
			};
			name = Release;
		};
		61950EA9204A0D21005D8F50 /* Debug */ = {
			isa = XCBuildConfiguration;
			buildSettings = {
				ASSETCATALOG_COMPILER_APPICON_NAME = AppIcon;
				CODE_SIGN_STYLE = Automatic;
				COMBINE_HIDPI_IMAGES = YES;
				DEVELOPMENT_TEAM = TFF2HTL4NS;
				INFOPLIST_FILE = FireWallOperations/Info.plist;
				LD_RUNPATH_SEARCH_PATHS = "$(inherited) @executable_path/../Frameworks";
				PRODUCT_BUNDLE_IDENTIFIER = Talaiot.FireWallOperations;
				PRODUCT_NAME = "$(TARGET_NAME)";
				SWIFT_VERSION = 4.0;
			};
			name = Debug;
		};
		61950EAA204A0D21005D8F50 /* Release */ = {
			isa = XCBuildConfiguration;
			buildSettings = {
				ASSETCATALOG_COMPILER_APPICON_NAME = AppIcon;
				CODE_SIGN_STYLE = Automatic;
				COMBINE_HIDPI_IMAGES = YES;
				DEVELOPMENT_TEAM = TFF2HTL4NS;
				INFOPLIST_FILE = FireWallOperations/Info.plist;
				LD_RUNPATH_SEARCH_PATHS = "$(inherited) @executable_path/../Frameworks";
				PRODUCT_BUNDLE_IDENTIFIER = Talaiot.FireWallOperations;
				PRODUCT_NAME = "$(TARGET_NAME)";
				SWIFT_VERSION = 4.0;
			};
			name = Release;
		};
/* End XCBuildConfiguration section */

/* Begin XCConfigurationList section */
		61950E93204A0D21005D8F50 /* Build configuration list for PBXProject "FireWallOperations" */ = {
			isa = XCConfigurationList;
			buildConfigurations = (
				61950EA6204A0D21005D8F50 /* Debug */,
				61950EA7204A0D21005D8F50 /* Release */,
			);
			defaultConfigurationIsVisible = 0;
			defaultConfigurationName = Release;
		};
		61950EA8204A0D21005D8F50 /* Build configuration list for PBXNativeTarget "FireWallOperations" */ = {
			isa = XCConfigurationList;
			buildConfigurations = (
				61950EA9204A0D21005D8F50 /* Debug */,
				61950EAA204A0D21005D8F50 /* Release */,
			);
			defaultConfigurationIsVisible = 0;
			defaultConfigurationName = Release;
		};
/* End XCConfigurationList section */
	};
	rootObject = 61950E90204A0D21005D8F50 /* Project object */;
}
